# THIS IS AN AUTOGENERATED FILE. DO NOT EDIT THIS FILE DIRECTLY.
# yarn lockfile v1


"@tsconfig/node14@^14.1.0":
  version "14.1.0"
  resolved "https://registry.yarnpkg.com/@tsconfig/node14/-/node14-14.1.0.tgz#1f8611430002b2a08c68ec1b1e7aa40c03b8fcd2"
  integrity sha512-VmsCG04YR58ciHBeJKBDNMWWfYbyP8FekWVuTlpstaUPlat1D0x/tXzkWP7yCMU0eSz9V4OZU0LBWTFJ3xZf6w==

typescript@^5.1.6:
  version "5.1.6"
  resolved "https://registry.yarnpkg.com/typescript/-/typescript-5.1.6.tgz#02f8ac202b6dad2c0dd5e0913745b47a37998274"
  integrity sha512-zaWCozRZ6DLEWAWFrVDz1H6FVXzUSfTy5FUMWsQlU8Ym5JP9eO4xkTIROFCQvhQf61z6O/G6ugw3SgAnvvm+HA==
