# This file is generated by running "yarn install" inside your project.
# Manual changes might be lost - proceed with caution!

__metadata:
  version: 6
  cacheKey: 8

"@redis/bloom@npm:1.2.0":
  version: 1.2.0
  resolution: "@redis/bloom@npm:1.2.0"
  peerDependencies:
    "@redis/client": ^1.0.0
  checksum: 8c214227287d6b278109098bca00afc601cf84f7da9c6c24f4fa7d3854b946170e5893aa86ed607ba017a4198231d570541c79931b98b6d50b262971022d1d6c
  languageName: node
  linkType: hard

"@redis/client@npm:1.5.8":
  version: 1.5.8
  resolution: "@redis/client@npm:1.5.8"
  dependencies:
    cluster-key-slot: 1.1.2
    generic-pool: 3.9.0
    yallist: 4.0.0
  checksum: ff4a6cbf4f132baad7e481cd4a60af7031a3528e290a646695a9a3be704ed5818f50e9676070c8bad5e4b18d99369b46fcdc052ef6c023fa2391be8696808ff1
  languageName: node
  linkType: hard

"@redis/graph@npm:1.1.0":
  version: 1.1.0
  resolution: "@redis/graph@npm:1.1.0"
  peerDependencies:
    "@redis/client": ^1.0.0
  checksum: d3df807108a42929ed65269c691fe6ab7eda55de91318f02a22b2d637c1bfef8817fccd17025904f5a0be8cf1cea5941334ec9f10719336da5d8f1c54cd4997e
  languageName: node
  linkType: hard

"@redis/json@npm:1.0.4":
  version: 1.0.4
  resolution: "@redis/json@npm:1.0.4"
  peerDependencies:
    "@redis/client": ^1.0.0
  checksum: de07f9c37abed603dec352593eb69fc8a94475e7f86b4f65b9805394492d448a1e4181db74269d80eb9dba6f3ae8a41804204821db36bb801cd7c1e30ac7ec80
  languageName: node
  linkType: hard

"@redis/search@npm:1.1.3":
  version: 1.1.3
  resolution: "@redis/search@npm:1.1.3"
  peerDependencies:
    "@redis/client": ^1.0.0
  checksum: 5f82616d1a868ebaf6cce46a7b6f7f53f0e92a299958ccf6d3ea099687c2f309d586e0bec9f25aa5174301f8508b54ebbec8835c1642cdb67b8b4d2f81a15872
  languageName: node
  linkType: hard

"@redis/time-series@npm:1.0.4":
  version: 1.0.4
  resolution: "@redis/time-series@npm:1.0.4"
  peerDependencies:
    "@redis/client": ^1.0.0
  checksum: a5fca079deb04a2f204a7f9a375a6ff698a119d5dd53f7581fa8fd9e3bacacf1ecb0253b97fada484a012fea7a98014bc0f4f79707d4e92ff61c00318f2bfe04
  languageName: node
  linkType: hard

"@redistedi/client@workspace:packages/client":
  version: 0.0.0-use.local
  resolution: "@redistedi/client@workspace:packages/client"
  dependencies:
    chai: ^4.3.7
    myzod: ^1.10.0
    rambda: ^8.3.0
    typescript: ^5.1.6
  languageName: unknown
  linkType: soft

"@tsconfig/node16@npm:^16.1.0":
  version: 16.1.0
  resolution: "@tsconfig/node16@npm:16.1.0"
  checksum: a0a176492e3802a5340eda1e61eabc8d4767e46496bc080ce9c381993ce8c5fb3df8f65267c3a9af4335bc00a85028845f795ea27545f63d62b93ab6675cf8fa
  languageName: node
  linkType: hard

"assertion-error@npm:^1.1.0":
  version: 1.1.0
  resolution: "assertion-error@npm:1.1.0"
  checksum: fd9429d3a3d4fd61782eb3962ae76b6d08aa7383123fca0596020013b3ebd6647891a85b05ce821c47d1471ed1271f00b0545cf6a4326cf2fc91efcc3b0fbecf
  languageName: node
  linkType: hard

"chai@npm:^4.3.7":
  version: 4.3.7
  resolution: "chai@npm:4.3.7"
  dependencies:
    assertion-error: ^1.1.0
    check-error: ^1.0.2
    deep-eql: ^4.1.2
    get-func-name: ^2.0.0
    loupe: ^2.3.1
    pathval: ^1.1.1
    type-detect: ^4.0.5
  checksum: 0bba7d267848015246a66995f044ce3f0ebc35e530da3cbdf171db744e14cbe301ab913a8d07caf7952b430257ccbb1a4a983c570a7c5748dc537897e5131f7c
  languageName: node
  linkType: hard

"check-error@npm:^1.0.2":
  version: 1.0.2
  resolution: "check-error@npm:1.0.2"
  checksum: d9d106504404b8addd1ee3f63f8c0eaa7cd962a1a28eb9c519b1c4a1dc7098be38007fc0060f045ee00f075fbb7a2a4f42abcf61d68323677e11ab98dc16042e
  languageName: node
  linkType: hard

"cluster-key-slot@npm:1.1.2":
  version: 1.1.2
  resolution: "cluster-key-slot@npm:1.1.2"
  checksum: be0ad2d262502adc998597e83f9ded1b80f827f0452127c5a37b22dfca36bab8edf393f7b25bb626006fb9fb2436106939ede6d2d6ecf4229b96a47f27edd681
  languageName: node
  linkType: hard

"deep-eql@npm:^4.1.2":
  version: 4.1.3
  resolution: "deep-eql@npm:4.1.3"
  dependencies:
    type-detect: ^4.0.0
  checksum: 7f6d30cb41c713973dc07eaadded848b2ab0b835e518a88b91bea72f34e08c4c71d167a722a6f302d3a6108f05afd8e6d7650689a84d5d29ec7fe6220420397f
  languageName: node
  linkType: hard

"generic-pool@npm:3.9.0":
  version: 3.9.0
  resolution: "generic-pool@npm:3.9.0"
  checksum: 3d89e9b2018d2e3bbf44fec78c76b2b7d56d6a484237aa9daf6ff6eedb14b0899dadd703b5d810219baab2eb28e5128fb18b29e91e602deb2eccac14492d8ca8
  languageName: node
  linkType: hard

"get-func-name@npm:^2.0.0":
  version: 2.0.0
  resolution: "get-func-name@npm:2.0.0"
  checksum: 8d82e69f3e7fab9e27c547945dfe5cc0c57fc0adf08ce135dddb01081d75684a03e7a0487466f478872b341d52ac763ae49e660d01ab83741f74932085f693c3
  languageName: node
  linkType: hard

"loupe@npm:^2.3.1":
  version: 2.3.6
  resolution: "loupe@npm:2.3.6"
  dependencies:
    get-func-name: ^2.0.0
  checksum: cc83f1b124a1df7384601d72d8d1f5fe95fd7a8185469fec48bb2e4027e45243949e7a013e8d91051a138451ff0552310c32aa9786e60b6a30d1e801bdc2163f
  languageName: node
  linkType: hard

"myzod@npm:^1.10.0":
  version: 1.10.0
  resolution: "myzod@npm:1.10.0"
  checksum: a5d4eee5fed4205683a2e6b4557f7537979f098bd2b6040051fbc5a30d2bd6dcdf8fa20b16703ff8c56c69763bc226505d0c3155ac0bc7969e36773901d9af04
  languageName: node
  linkType: hard

"pathval@npm:^1.1.1":
  version: 1.1.1
  resolution: "pathval@npm:1.1.1"
  checksum: 090e3147716647fb7fb5b4b8c8e5b55e5d0a6086d085b6cd23f3d3c01fcf0ff56fd3cc22f2f4a033bd2e46ed55d61ed8379e123b42afe7d531a2a5fc8bb556d6
  languageName: node
  linkType: hard

"rambda@npm:^8.3.0":
  version: 8.3.0
  resolution: "rambda@npm:8.3.0"
  checksum: ca519b67f053ec4d546a9952692544fececef2688bad21d699f91afd269ed8b4850e1bb3ec75dcca0906f134d06a8de9826d3f958b6b06da97dcf8c7cf92f940
  languageName: node
  linkType: hard

"redis@npm:^4.6.7":
  version: 4.6.7
  resolution: "redis@npm:4.6.7"
  dependencies:
    "@redis/bloom": 1.2.0
    "@redis/client": 1.5.8
    "@redis/graph": 1.1.0
    "@redis/json": 1.0.4
    "@redis/search": 1.1.3
    "@redis/time-series": 1.0.4
  checksum: d48ff22269d9f22962b40ecd7623c10ad18a26aaffea0987cf80d9ba4f5d72708c6d2782062e6fc1f4255e6aa111b3356e48f636ef26aa0cc75864470d1e60f8
  languageName: node
  linkType: hard

"redistedi@workspace:.":
  version: 0.0.0-use.local
  resolution: "redistedi@workspace:."
  dependencies:
    "@tsconfig/node16": ^16.1.0
    redis: ^4.6.7
    typescript: ^5.1.6
  languageName: unknown
  linkType: soft

"type-detect@npm:^4.0.0, type-detect@npm:^4.0.5":
  version: 4.0.8
  resolution: "type-detect@npm:4.0.8"
  checksum: 62b5628bff67c0eb0b66afa371bd73e230399a8d2ad30d852716efcc4656a7516904570cd8631a49a3ce57c10225adf5d0cbdcb47f6b0255fe6557c453925a15
  languageName: node
  linkType: hard

"typescript@npm:^5.1.6":
  version: 5.1.6
  resolution: "typescript@npm:5.1.6"
  bin:
    tsc: bin/tsc
    tsserver: bin/tsserver
  checksum: b2f2c35096035fe1f5facd1e38922ccb8558996331405eb00a5111cc948b2e733163cc22fab5db46992aba7dd520fff637f2c1df4996ff0e134e77d3249a7350
  languageName: node
  linkType: hard

"typescript@patch:typescript@^5.1.6#~builtin<compat/typescript>":
  version: 5.1.6
  resolution: "typescript@patch:typescript@npm%3A5.1.6#~builtin<compat/typescript>::version=5.1.6&hash=5da071"
  bin:
    tsc: bin/tsc
    tsserver: bin/tsserver
  checksum: f53bfe97f7c8b2b6d23cf572750d4e7d1e0c5fff1c36d859d0ec84556a827b8785077bc27676bf7e71fae538e517c3ecc0f37e7f593be913d884805d931bc8be
  languageName: node
  linkType: hard

"yallist@npm:4.0.0":
  version: 4.0.0
  resolution: "yallist@npm:4.0.0"
  checksum: 343617202af32df2a15a3be36a5a8c0c8545208f3d3dfbc6bb7c3e3b7e8c6f8e7485432e4f3b88da3031a6e20afa7c711eded32ddfb122896ac5d914e75848d5
  languageName: node
  linkType: hard
